// !$*UTF8*$!
{
	archiveVersion = 1;
	classes = {
	};
	objectVersion = 52;
	objects = {

/* Begin PBXBuildFile section */
		8D1E650E261797220057D05B /* Recipe.swift in Sources */ = {isa = PBXBuildFile; fileRef = 8D1E650D261797220057D05B /* Recipe.swift */; };
		8D3BE9512608473500E8F51D /* Alamofire in Frameworks */ = {isa = PBXBuildFile; productRef = 8D3BE9502608473500E8F51D /* Alamofire */; };
		8D8A1D53260D5232009D7B17 /* IngredientSelectorView.swift in Sources */ = {isa = PBXBuildFile; fileRef = 8D8A1D52260D5232009D7B17 /* IngredientSelectorView.swift */; };
		8D8A1D58260D531A009D7B17 /* FoodScraper.swift in Sources */ = {isa = PBXBuildFile; fileRef = 8D8A1D57260D531A009D7B17 /* FoodScraper.swift */; };
		8D8A1D5D260D579F009D7B17 /* Ingredient.swift in Sources */ = {isa = PBXBuildFile; fileRef = 8D8A1D5C260D579F009D7B17 /* Ingredient.swift */; };
		8D9055B5261103AD00D9F934 /* NavigationBarModifier.swift in Sources */ = {isa = PBXBuildFile; fileRef = 8D9055B4261103AD00D9F934 /* NavigationBarModifier.swift */; };
		8D9055BA2612641000D9F934 /* RecipesView.swift in Sources */ = {isa = PBXBuildFile; fileRef = 8D9055B92612641000D9F934 /* RecipesView.swift */; };
		8DDC63EE2616B9B800B24CD8 /* User.swift in Sources */ = {isa = PBXBuildFile; fileRef = 8DDC63ED2616B9B800B24CD8 /* User.swift */; };
		8DDC63F32616BABF00B24CD8 /* RecipeWebService.swift in Sources */ = {isa = PBXBuildFile; fileRef = 8DDC63F22616BABF00B24CD8 /* RecipeWebService.swift */; };
		8DE51F6C2605211400E124D2 /* Food_CombinatorApp.swift in Sources */ = {isa = PBXBuildFile; fileRef = 8DE51F6B2605211400E124D2 /* Food_CombinatorApp.swift */; };
		8DE51F6E2605211400E124D2 /* ContentView.swift in Sources */ = {isa = PBXBuildFile; fileRef = 8DE51F6D2605211400E124D2 /* ContentView.swift */; };
		8DE51F702605211500E124D2 /* Assets.xcassets in Resources */ = {isa = PBXBuildFile; fileRef = 8DE51F6F2605211500E124D2 /* Assets.xcassets */; };
		8DE51F732605211500E124D2 /* Preview Assets.xcassets in Resources */ = {isa = PBXBuildFile; fileRef = 8DE51F722605211500E124D2 /* Preview Assets.xcassets */; };
		8DE51F7E2605211500E124D2 /* Food_CombinatorTests.swift in Sources */ = {isa = PBXBuildFile; fileRef = 8DE51F7D2605211500E124D2 /* Food_CombinatorTests.swift */; };
		8DE51F892605211500E124D2 /* Food_CombinatorUITests.swift in Sources */ = {isa = PBXBuildFile; fileRef = 8DE51F882605211500E124D2 /* Food_CombinatorUITests.swift */; };
		8DF7BB4C261ABE84009F70AB /* ImageLoader.swift in Sources */ = {isa = PBXBuildFile; fileRef = 8DF7BB4B261ABE84009F70AB /* ImageLoader.swift */; };
		8DF7BB51261AD91B009F70AB /* ActivityIndicator.swift in Sources */ = {isa = PBXBuildFile; fileRef = 8DF7BB50261AD91B009F70AB /* ActivityIndicator.swift */; };
/* End PBXBuildFile section */

/* Begin PBXContainerItemProxy section */
		8DE51F7A2605211500E124D2 /* PBXContainerItemProxy */ = {
			isa = PBXContainerItemProxy;
			containerPortal = 8DE51F602605211400E124D2 /* Project object */;
			proxyType = 1;
			remoteGlobalIDString = 8DE51F672605211400E124D2;
			remoteInfo = "Food Combinator";
		};
		8DE51F852605211500E124D2 /* PBXContainerItemProxy */ = {
			isa = PBXContainerItemProxy;
			containerPortal = 8DE51F602605211400E124D2 /* Project object */;
			proxyType = 1;
			remoteGlobalIDString = 8DE51F672605211400E124D2;
			remoteInfo = "Food Combinator";
		};
/* End PBXContainerItemProxy section */

/* Begin PBXFileReference section */
		8D1E650D261797220057D05B /* Recipe.swift */ = {isa = PBXFileReference; lastKnownFileType = sourcecode.swift; path = Recipe.swift; sourceTree = "<group>"; };
		8D8A1D52260D5232009D7B17 /* IngredientSelectorView.swift */ = {isa = PBXFileReference; lastKnownFileType = sourcecode.swift; path = IngredientSelectorView.swift; sourceTree = "<group>"; };
		8D8A1D57260D531A009D7B17 /* FoodScraper.swift */ = {isa = PBXFileReference; lastKnownFileType = sourcecode.swift; path = FoodScraper.swift; sourceTree = "<group>"; };
		8D8A1D5C260D579F009D7B17 /* Ingredient.swift */ = {isa = PBXFileReference; lastKnownFileType = sourcecode.swift; path = Ingredient.swift; sourceTree = "<group>"; };
		8D9055B4261103AD00D9F934 /* NavigationBarModifier.swift */ = {isa = PBXFileReference; lastKnownFileType = sourcecode.swift; path = NavigationBarModifier.swift; sourceTree = "<group>"; };
		8D9055B92612641000D9F934 /* RecipesView.swift */ = {isa = PBXFileReference; lastKnownFileType = sourcecode.swift; path = RecipesView.swift; sourceTree = "<group>"; };
		8DDC63ED2616B9B800B24CD8 /* User.swift */ = {isa = PBXFileReference; lastKnownFileType = sourcecode.swift; path = User.swift; sourceTree = "<group>"; };
		8DDC63F22616BABF00B24CD8 /* RecipeWebService.swift */ = {isa = PBXFileReference; lastKnownFileType = sourcecode.swift; path = RecipeWebService.swift; sourceTree = "<group>"; };
		8DE51F682605211400E124D2 /* Food Combinator.app */ = {isa = PBXFileReference; explicitFileType = wrapper.application; includeInIndex = 0; path = "Food Combinator.app"; sourceTree = BUILT_PRODUCTS_DIR; };
		8DE51F6B2605211400E124D2 /* Food_CombinatorApp.swift */ = {isa = PBXFileReference; lastKnownFileType = sourcecode.swift; path = Food_CombinatorApp.swift; sourceTree = "<group>"; };
		8DE51F6D2605211400E124D2 /* ContentView.swift */ = {isa = PBXFileReference; lastKnownFileType = sourcecode.swift; path = ContentView.swift; sourceTree = "<group>"; };
		8DE51F6F2605211500E124D2 /* Assets.xcassets */ = {isa = PBXFileReference; lastKnownFileType = folder.assetcatalog; path = Assets.xcassets; sourceTree = "<group>"; };
		8DE51F722605211500E124D2 /* Preview Assets.xcassets */ = {isa = PBXFileReference; lastKnownFileType = folder.assetcatalog; path = "Preview Assets.xcassets"; sourceTree = "<group>"; };
		8DE51F742605211500E124D2 /* Info.plist */ = {isa = PBXFileReference; lastKnownFileType = text.plist.xml; path = Info.plist; sourceTree = "<group>"; };
		8DE51F792605211500E124D2 /* Food CombinatorTests.xctest */ = {isa = PBXFileReference; explicitFileType = wrapper.cfbundle; includeInIndex = 0; path = "Food CombinatorTests.xctest"; sourceTree = BUILT_PRODUCTS_DIR; };
		8DE51F7D2605211500E124D2 /* Food_CombinatorTests.swift */ = {isa = PBXFileReference; lastKnownFileType = sourcecode.swift; path = Food_CombinatorTests.swift; sourceTree = "<group>"; };
		8DE51F7F2605211500E124D2 /* Info.plist */ = {isa = PBXFileReference; lastKnownFileType = text.plist.xml; path = Info.plist; sourceTree = "<group>"; };
		8DE51F842605211500E124D2 /* Food CombinatorUITests.xctest */ = {isa = PBXFileReference; explicitFileType = wrapper.cfbundle; includeInIndex = 0; path = "Food CombinatorUITests.xctest"; sourceTree = BUILT_PRODUCTS_DIR; };
		8DE51F882605211500E124D2 /* Food_CombinatorUITests.swift */ = {isa = PBXFileReference; lastKnownFileType = sourcecode.swift; path = Food_CombinatorUITests.swift; sourceTree = "<group>"; };
		8DE51F8A2605211500E124D2 /* Info.plist */ = {isa = PBXFileReference; lastKnownFileType = text.plist.xml; path = Info.plist; sourceTree = "<group>"; };
		8DF7BB4B261ABE84009F70AB /* ImageLoader.swift */ = {isa = PBXFileReference; lastKnownFileType = sourcecode.swift; path = ImageLoader.swift; sourceTree = "<group>"; };
		8DF7BB50261AD91B009F70AB /* ActivityIndicator.swift */ = {isa = PBXFileReference; lastKnownFileType = sourcecode.swift; path = ActivityIndicator.swift; sourceTree = "<group>"; };
/* End PBXFileReference section */

/* Begin PBXFrameworksBuildPhase section */
		8DE51F652605211400E124D2 /* Frameworks */ = {
			isa = PBXFrameworksBuildPhase;
			buildActionMask = 2147483647;
			files = (
				8D3BE9512608473500E8F51D /* Alamofire in Frameworks */,
			);
			runOnlyForDeploymentPostprocessing = 0;
		};
		8DE51F762605211500E124D2 /* Frameworks */ = {
			isa = PBXFrameworksBuildPhase;
			buildActionMask = 2147483647;
			files = (
			);
			runOnlyForDeploymentPostprocessing = 0;
		};
		8DE51F812605211500E124D2 /* Frameworks */ = {
			isa = PBXFrameworksBuildPhase;
			buildActionMask = 2147483647;
			files = (
			);
			runOnlyForDeploymentPostprocessing = 0;
		};
/* End PBXFrameworksBuildPhase section */

/* Begin PBXGroup section */
		8DDC63E82616B2B500B24CD8 /* Supporting Files */ = {
			isa = PBXGroup;
			children = (
				8DE51F6F2605211500E124D2 /* Assets.xcassets */,
				8DE51F742605211500E124D2 /* Info.plist */,
				8DE51F712605211500E124D2 /* Preview Content */,
			);
			name = "Supporting Files";
			sourceTree = "<group>";
		};
		8DDC63E92616B5D400B24CD8 /* App */ = {
			isa = PBXGroup;
			children = (
				8DE51F6B2605211400E124D2 /* Food_CombinatorApp.swift */,
			);
			path = App;
			sourceTree = "<group>";
		};
		8DDC63EA2616B5DD00B24CD8 /* Views */ = {
			isa = PBXGroup;
			children = (
				8D8A1D52260D5232009D7B17 /* IngredientSelectorView.swift */,
				8D9055B92612641000D9F934 /* RecipesView.swift */,
				8DE51F6D2605211400E124D2 /* ContentView.swift */,
				8D9055B4261103AD00D9F934 /* NavigationBarModifier.swift */,
				8DF7BB50261AD91B009F70AB /* ActivityIndicator.swift */,
			);
			path = Views;
			sourceTree = "<group>";
		};
		8DDC63EB2616B5E600B24CD8 /* View Models */ = {
			isa = PBXGroup;
			children = (
				8DDC63F22616BABF00B24CD8 /* RecipeWebService.swift */,
				8DF7BB4B261ABE84009F70AB /* ImageLoader.swift */,
			);
			path = "View Models";
			sourceTree = "<group>";
		};
		8DDC63EC2616B5F800B24CD8 /* Models */ = {
			isa = PBXGroup;
			children = (
				8D8A1D57260D531A009D7B17 /* FoodScraper.swift */,
				8D8A1D5C260D579F009D7B17 /* Ingredient.swift */,
				8DDC63ED2616B9B800B24CD8 /* User.swift */,
				8D1E650D261797220057D05B /* Recipe.swift */,
			);
			path = Models;
			sourceTree = "<group>";
		};
		8DE51F5F2605211400E124D2 = {
			isa = PBXGroup;
			children = (
				8DE51F6A2605211400E124D2 /* Food Combinator */,
				8DE51F7C2605211500E124D2 /* Food CombinatorTests */,
				8DE51F872605211500E124D2 /* Food CombinatorUITests */,
				8DE51F692605211400E124D2 /* Products */,
			);
			sourceTree = "<group>";
		};
		8DE51F692605211400E124D2 /* Products */ = {
			isa = PBXGroup;
			children = (
				8DE51F682605211400E124D2 /* Food Combinator.app */,
				8DE51F792605211500E124D2 /* Food CombinatorTests.xctest */,
				8DE51F842605211500E124D2 /* Food CombinatorUITests.xctest */,
			);
			name = Products;
			sourceTree = "<group>";
		};
		8DE51F6A2605211400E124D2 /* Food Combinator */ = {
			isa = PBXGroup;
			children = (
				8DDC63E92616B5D400B24CD8 /* App */,
				8DDC63EC2616B5F800B24CD8 /* Models */,
				8DDC63EB2616B5E600B24CD8 /* View Models */,
				8DDC63EA2616B5DD00B24CD8 /* Views */,
				8DDC63E82616B2B500B24CD8 /* Supporting Files */,
			);
			path = "Food Combinator";
			sourceTree = "<group>";
		};
		8DE51F712605211500E124D2 /* Preview Content */ = {
			isa = PBXGroup;
			children = (
				8DE51F722605211500E124D2 /* Preview Assets.xcassets */,
			);
			path = "Preview Content";
			sourceTree = "<group>";
		};
		8DE51F7C2605211500E124D2 /* Food CombinatorTests */ = {
			isa = PBXGroup;
			children = (
				8DE51F7D2605211500E124D2 /* Food_CombinatorTests.swift */,
				8DE51F7F2605211500E124D2 /* Info.plist */,
			);
			path = "Food CombinatorTests";
			sourceTree = "<group>";
		};
		8DE51F872605211500E124D2 /* Food CombinatorUITests */ = {
			isa = PBXGroup;
			children = (
				8DE51F882605211500E124D2 /* Food_CombinatorUITests.swift */,
				8DE51F8A2605211500E124D2 /* Info.plist */,
			);
			path = "Food CombinatorUITests";
			sourceTree = "<group>";
		};
/* End PBXGroup section */

/* Begin PBXNativeTarget section */
		8DE51F672605211400E124D2 /* Food Combinator */ = {
			isa = PBXNativeTarget;
			buildConfigurationList = 8DE51F8D2605211500E124D2 /* Build configuration list for PBXNativeTarget "Food Combinator" */;
			buildPhases = (
				8DE51F642605211400E124D2 /* Sources */,
				8DE51F652605211400E124D2 /* Frameworks */,
				8DE51F662605211400E124D2 /* Resources */,
			);
			buildRules = (
			);
			dependencies = (
			);
			name = "Food Combinator";
			packageProductDependencies = (
				8D3BE9502608473500E8F51D /* Alamofire */,
			);
			productName = "Food Combinator";
			productReference = 8DE51F682605211400E124D2 /* Food Combinator.app */;
			productType = "com.apple.product-type.application";
		};
		8DE51F782605211500E124D2 /* Food CombinatorTests */ = {
			isa = PBXNativeTarget;
			buildConfigurationList = 8DE51F902605211500E124D2 /* Build configuration list for PBXNativeTarget "Food CombinatorTests" */;
			buildPhases = (
				8DE51F752605211500E124D2 /* Sources */,
				8DE51F762605211500E124D2 /* Frameworks */,
				8DE51F772605211500E124D2 /* Resources */,
			);
			buildRules = (
			);
			dependencies = (
				8DE51F7B2605211500E124D2 /* PBXTargetDependency */,
			);
			name = "Food CombinatorTests";
			productName = "Food CombinatorTests";
			productReference = 8DE51F792605211500E124D2 /* Food CombinatorTests.xctest */;
			productType = "com.apple.product-type.bundle.unit-test";
		};
		8DE51F832605211500E124D2 /* Food CombinatorUITests */ = {
			isa = PBXNativeTarget;
			buildConfigurationList = 8DE51F932605211500E124D2 /* Build configuration list for PBXNativeTarget "Food CombinatorUITests" */;
			buildPhases = (
				8DE51F802605211500E124D2 /* Sources */,
				8DE51F812605211500E124D2 /* Frameworks */,
				8DE51F822605211500E124D2 /* Resources */,
			);
			buildRules = (
			);
			dependencies = (
				8DE51F862605211500E124D2 /* PBXTargetDependency */,
			);
			name = "Food CombinatorUITests";
			productName = "Food CombinatorUITests";
			productReference = 8DE51F842605211500E124D2 /* Food CombinatorUITests.xctest */;
			productType = "com.apple.product-type.bundle.ui-testing";
		};
/* End PBXNativeTarget section */

/* Begin PBXProject section */
		8DE51F602605211400E124D2 /* Project object */ = {
			isa = PBXProject;
			attributes = {
				LastSwiftUpdateCheck = 1240;
				LastUpgradeCheck = 1240;
				TargetAttributes = {
					8DE51F672605211400E124D2 = {
						CreatedOnToolsVersion = 12.4;
					};
					8DE51F782605211500E124D2 = {
						CreatedOnToolsVersion = 12.4;
						TestTargetID = 8DE51F672605211400E124D2;
					};
					8DE51F832605211500E124D2 = {
						CreatedOnToolsVersion = 12.4;
						TestTargetID = 8DE51F672605211400E124D2;
					};
				};
			};
			buildConfigurationList = 8DE51F632605211400E124D2 /* Build configuration list for PBXProject "Food Combinator" */;
			compatibilityVersion = "Xcode 9.3";
			developmentRegion = en;
			hasScannedForEncodings = 0;
			knownRegions = (
				en,
				Base,
			);
			mainGroup = 8DE51F5F2605211400E124D2;
			packageReferences = (
				8D3BE94F2608473500E8F51D /* XCRemoteSwiftPackageReference "Alamofire" */,
			);
			productRefGroup = 8DE51F692605211400E124D2 /* Products */;
			projectDirPath = "";
			projectRoot = "";
			targets = (
				8DE51F672605211400E124D2 /* Food Combinator */,
				8DE51F782605211500E124D2 /* Food CombinatorTests */,
				8DE51F832605211500E124D2 /* Food CombinatorUITests */,
			);
		};
/* End PBXProject section */

/* Begin PBXResourcesBuildPhase section */
		8DE51F662605211400E124D2 /* Resources */ = {
			isa = PBXResourcesBuildPhase;
			buildActionMask = 2147483647;
			files = (
				8DE51F732605211500E124D2 /* Preview Assets.xcassets in Resources */,
				8DE51F702605211500E124D2 /* Assets.xcassets in Resources */,
			);
			runOnlyForDeploymentPostprocessing = 0;
		};
		8DE51F772605211500E124D2 /* Resources */ = {
			isa = PBXResourcesBuildPhase;
			buildActionMask = 2147483647;
			files = (
			);
			runOnlyForDeploymentPostprocessing = 0;
		};
		8DE51F822605211500E124D2 /* Resources */ = {
			isa = PBXResourcesBuildPhase;
			buildActionMask = 2147483647;
			files = (
			);
			runOnlyForDeploymentPostprocessing = 0;
		};
/* End PBXResourcesBuildPhase section */

/* Begin PBXSourcesBuildPhase section */
		8DE51F642605211400E124D2 /* Sources */ = {
			isa = PBXSourcesBuildPhase;
			buildActionMask = 2147483647;
			files = (
				8D9055B5261103AD00D9F934 /* NavigationBarModifier.swift in Sources */,
				8D9055BA2612641000D9F934 /* RecipesView.swift in Sources */,
				8D8A1D58260D531A009D7B17 /* FoodScraper.swift in Sources */,
				8D8A1D53260D5232009D7B17 /* IngredientSelectorView.swift in Sources */,
				8DF7BB51261AD91B009F70AB /* ActivityIndicator.swift in Sources */,
				8DDC63EE2616B9B800B24CD8 /* User.swift in Sources */,
				8DF7BB4C261ABE84009F70AB /* ImageLoader.swift in Sources */,
				8D8A1D5D260D579F009D7B17 /* Ingredient.swift in Sources */,
				8DE51F6E2605211400E124D2 /* ContentView.swift in Sources */,
				8DDC63F32616BABF00B24CD8 /* RecipeWebService.swift in Sources */,
				8DE51F6C2605211400E124D2 /* Food_CombinatorApp.swift in Sources */,
				8D1E650E261797220057D05B /* Recipe.swift in Sources */,
			);
			runOnlyForDeploymentPostprocessing = 0;
		};
		8DE51F752605211500E124D2 /* Sources */ = {
			isa = PBXSourcesBuildPhase;
			buildActionMask = 2147483647;
			files = (
				8DE51F7E2605211500E124D2 /* Food_CombinatorTests.swift in Sources */,
			);
			runOnlyForDeploymentPostprocessing = 0;
		};
		8DE51F802605211500E124D2 /* Sources */ = {
			isa = PBXSourcesBuildPhase;
			buildActionMask = 2147483647;
			files = (
				8DE51F892605211500E124D2 /* Food_CombinatorUITests.swift in Sources */,
			);
			runOnlyForDeploymentPostprocessing = 0;
		};
/* End PBXSourcesBuildPhase section */

/* Begin PBXTargetDependency section */
		8DE51F7B2605211500E124D2 /* PBXTargetDependency */ = {
			isa = PBXTargetDependency;
			target = 8DE51F672605211400E124D2 /* Food Combinator */;
			targetProxy = 8DE51F7A2605211500E124D2 /* PBXContainerItemProxy */;
		};
		8DE51F862605211500E124D2 /* PBXTargetDependency */ = {
			isa = PBXTargetDependency;
			target = 8DE51F672605211400E124D2 /* Food Combinator */;
			targetProxy = 8DE51F852605211500E124D2 /* PBXContainerItemProxy */;
		};
/* End PBXTargetDependency section */

/* Begin XCBuildConfiguration section */
		8DE51F8B2605211500E124D2 /* Debug */ = {
			isa = XCBuildConfiguration;
			buildSettings = {
				ALWAYS_SEARCH_USER_PATHS = NO;
				CLANG_ANALYZER_NONNULL = YES;
				CLANG_ANALYZER_NUMBER_OBJECT_CONVERSION = YES_AGGRESSIVE;
				CLANG_CXX_LANGUAGE_STANDARD = "gnu++14";
				CLANG_CXX_LIBRARY = "libc++";
				CLANG_ENABLE_MODULES = YES;
				CLANG_ENABLE_OBJC_ARC = YES;
				CLANG_ENABLE_OBJC_WEAK = YES;
				CLANG_WARN_BLOCK_CAPTURE_AUTORELEASING = YES;
				CLANG_WARN_BOOL_CONVERSION = YES;
				CLANG_WARN_COMMA = YES;
				CLANG_WARN_CONSTANT_CONVERSION = YES;
				CLANG_WARN_DEPRECATED_OBJC_IMPLEMENTATIONS = YES;
				CLANG_WARN_DIRECT_OBJC_ISA_USAGE = YES_ERROR;
				CLANG_WARN_DOCUMENTATION_COMMENTS = YES;
				CLANG_WARN_EMPTY_BODY = YES;
				CLANG_WARN_ENUM_CONVERSION = YES;
				CLANG_WARN_INFINITE_RECURSION = YES;
				CLANG_WARN_INT_CONVERSION = YES;
				CLANG_WARN_NON_LITERAL_NULL_CONVERSION = YES;
				CLANG_WARN_OBJC_IMPLICIT_RETAIN_SELF = YES;
				CLANG_WARN_OBJC_LITERAL_CONVERSION = YES;
				CLANG_WARN_OBJC_ROOT_CLASS = YES_ERROR;
				CLANG_WARN_QUOTED_INCLUDE_IN_FRAMEWORK_HEADER = YES;
				CLANG_WARN_RANGE_LOOP_ANALYSIS = YES;
				CLANG_WARN_STRICT_PROTOTYPES = YES;
				CLANG_WARN_SUSPICIOUS_MOVE = YES;
				CLANG_WARN_UNGUARDED_AVAILABILITY = YES_AGGRESSIVE;
				CLANG_WARN_UNREACHABLE_CODE = YES;
				CLANG_WARN__DUPLICATE_METHOD_MATCH = YES;
				COPY_PHASE_STRIP = NO;
				DEBUG_INFORMATION_FORMAT = dwarf;
				ENABLE_STRICT_OBJC_MSGSEND = YES;
				ENABLE_TESTABILITY = YES;
				GCC_C_LANGUAGE_STANDARD = gnu11;
				GCC_DYNAMIC_NO_PIC = NO;
				GCC_NO_COMMON_BLOCKS = YES;
				GCC_OPTIMIZATION_LEVEL = 0;
				GCC_PREPROCESSOR_DEFINITIONS = (
					"DEBUG=1",
					"$(inherited)",
				);
				GCC_WARN_64_TO_32_BIT_CONVERSION = YES;
				GCC_WARN_ABOUT_RETURN_TYPE = YES_ERROR;
				GCC_WARN_UNDECLARED_SELECTOR = YES;
				GCC_WARN_UNINITIALIZED_AUTOS = YES_AGGRESSIVE;
				GCC_WARN_UNUSED_FUNCTION = YES;
				GCC_WARN_UNUSED_VARIABLE = YES;
				IPHONEOS_DEPLOYMENT_TARGET = 14.4;
				MTL_ENABLE_DEBUG_INFO = INCLUDE_SOURCE;
				MTL_FAST_MATH = YES;
				ONLY_ACTIVE_ARCH = YES;
				SDKROOT = iphoneos;
				SWIFT_ACTIVE_COMPILATION_CONDITIONS = DEBUG;
				SWIFT_OPTIMIZATION_LEVEL = "-Onone";
			};
			name = Debug;
		};
		8DE51F8C2605211500E124D2 /* Release */ = {
			isa = XCBuildConfiguration;
			buildSettings = {
				ALWAYS_SEARCH_USER_PATHS = NO;
				CLANG_ANALYZER_NONNULL = YES;
				CLANG_ANALYZER_NUMBER_OBJECT_CONVERSION = YES_AGGRESSIVE;
				CLANG_CXX_LANGUAGE_STANDARD = "gnu++14";
				CLANG_CXX_LIBRARY = "libc++";
				CLANG_ENABLE_MODULES = YES;
				CLANG_ENABLE_OBJC_ARC = YES;
				CLANG_ENABLE_OBJC_WEAK = YES;
				CLANG_WARN_BLOCK_CAPTURE_AUTORELEASING = YES;
				CLANG_WARN_BOOL_CONVERSION = YES;
				CLANG_WARN_COMMA = YES;
				CLANG_WARN_CONSTANT_CONVERSION = YES;
				CLANG_WARN_DEPRECATED_OBJC_IMPLEMENTATIONS = YES;
				CLANG_WARN_DIRECT_OBJC_ISA_USAGE = YES_ERROR;
				CLANG_WARN_DOCUMENTATION_COMMENTS = YES;
				CLANG_WARN_EMPTY_BODY = YES;
				CLANG_WARN_ENUM_CONVERSION = YES;
				CLANG_WARN_INFINITE_RECURSION = YES;
				CLANG_WARN_INT_CONVERSION = YES;
				CLANG_WARN_NON_LITERAL_NULL_CONVERSION = YES;
				CLANG_WARN_OBJC_IMPLICIT_RETAIN_SELF = YES;
				CLANG_WARN_OBJC_LITERAL_CONVERSION = YES;
				CLANG_WARN_OBJC_ROOT_CLASS = YES_ERROR;
				CLANG_WARN_QUOTED_INCLUDE_IN_FRAMEWORK_HEADER = YES;
				CLANG_WARN_RANGE_LOOP_ANALYSIS = YES;
				CLANG_WARN_STRICT_PROTOTYPES = YES;
				CLANG_WARN_SUSPICIOUS_MOVE = YES;
				CLANG_WARN_UNGUARDED_AVAILABILITY = YES_AGGRESSIVE;
				CLANG_WARN_UNREACHABLE_CODE = YES;
				CLANG_WARN__DUPLICATE_METHOD_MATCH = YES;
				COPY_PHASE_STRIP = NO;
				DEBUG_INFORMATION_FORMAT = "dwarf-with-dsym";
				ENABLE_NS_ASSERTIONS = NO;
				ENABLE_STRICT_OBJC_MSGSEND = YES;
				GCC_C_LANGUAGE_STANDARD = gnu11;
				GCC_NO_COMMON_BLOCKS = YES;
				GCC_WARN_64_TO_32_BIT_CONVERSION = YES;
				GCC_WARN_ABOUT_RETURN_TYPE = YES_ERROR;
				GCC_WARN_UNDECLARED_SELECTOR = YES;
				GCC_WARN_UNINITIALIZED_AUTOS = YES_AGGRESSIVE;
				GCC_WARN_UNUSED_FUNCTION = YES;
				GCC_WARN_UNUSED_VARIABLE = YES;
				IPHONEOS_DEPLOYMENT_TARGET = 14.4;
				MTL_ENABLE_DEBUG_INFO = NO;
				MTL_FAST_MATH = YES;
				SDKROOT = iphoneos;
				SWIFT_COMPILATION_MODE = wholemodule;
				SWIFT_OPTIMIZATION_LEVEL = "-O";
				VALIDATE_PRODUCT = YES;
			};
			name = Release;
		};
		8DE51F8E2605211500E124D2 /* Debug */ = {
			isa = XCBuildConfiguration;
			buildSettings = {
				ASSETCATALOG_COMPILER_APPICON_NAME = AppIcon;
				ASSETCATALOG_COMPILER_GLOBAL_ACCENT_COLOR_NAME = AccentColor;
				CODE_SIGN_STYLE = Automatic;
				DEVELOPMENT_ASSET_PATHS = "\"Food Combinator/Preview Content\"";
				DEVELOPMENT_TEAM = YDUWNR2G3H;
				ENABLE_PREVIEWS = YES;
				INFOPLIST_FILE = "Food Combinator/Info.plist";
				IPHONEOS_DEPLOYMENT_TARGET = 14.0;
				LD_RUNPATH_SEARCH_PATHS = (
					"$(inherited)",
					"@executable_path/Frameworks",
				);
				PRODUCT_BUNDLE_IDENTIFIER = "kobe.Food-Combinator";
				PRODUCT_NAME = "$(TARGET_NAME)";
				SWIFT_VERSION = 5.0;
				TARGETED_DEVICE_FAMILY = "1,2";
			};
			name = Debug;
		};
		8DE51F8F2605211500E124D2 /* Release */ = {
			isa = XCBuildConfiguration;
			buildSettings = {
				ASSETCATALOG_COMPILER_APPICON_NAME = AppIcon;
				ASSETCATALOG_COMPILER_GLOBAL_ACCENT_COLOR_NAME = AccentColor;
				CODE_SIGN_STYLE = Automatic;
				DEVELOPMENT_ASSET_PATHS = "\"Food Combinator/Preview Content\"";
				DEVELOPMENT_TEAM = YDUWNR2G3H;
				ENABLE_PREVIEWS = YES;
				INFOPLIST_FILE = "Food Combinator/Info.plist";
				IPHONEOS_DEPLOYMENT_TARGET = 14.0;
				LD_RUNPATH_SEARCH_PATHS = (
					"$(inherited)",
					"@executable_path/Frameworks",
				);
				PRODUCT_BUNDLE_IDENTIFIER = "kobe.Food-Combinator";
				PRODUCT_NAME = "$(TARGET_NAME)";
				SWIFT_VERSION = 5.0;
				TARGETED_DEVICE_FAMILY = "1,2";
			};
			name = Release;
		};
		8DE51F912605211500E124D2 /* Debug */ = {
			isa = XCBuildConfiguration;
			buildSettings = {
				ALWAYS_EMBED_SWIFT_STANDARD_LIBRARIES = YES;
				BUNDLE_LOADER = "$(TEST_HOST)";
				CODE_SIGN_STYLE = Automatic;
				DEVELOPMENT_TEAM = YDUWNR2G3H;
				INFOPLIST_FILE = "Food CombinatorTests/Info.plist";
				IPHONEOS_DEPLOYMENT_TARGET = 14.0;
				LD_RUNPATH_SEARCH_PATHS = (
					"$(inherited)",
					"@executable_path/Frameworks",
					"@loader_path/Frameworks",
				);
				PRODUCT_BUNDLE_IDENTIFIER = "kobe.Food-CombinatorTests";
				PRODUCT_NAME = "$(TARGET_NAME)";
				SWIFT_VERSION = 5.0;
				TARGETED_DEVICE_FAMILY = "1,2";
				TEST_HOST = "$(BUILT_PRODUCTS_DIR)/Food Combinator.app/Food Combinator";
			};
			name = Debug;
		};
		8DE51F922605211500E124D2 /* Release */ = {
			isa = XCBuildConfiguration;
			buildSettings = {
				ALWAYS_EMBED_SWIFT_STANDARD_LIBRARIES = YES;
				BUNDLE_LOADER = "$(TEST_HOST)";
				CODE_SIGN_STYLE = Automatic;
				DEVELOPMENT_TEAM = YDUWNR2G3H;
				INFOPLIST_FILE = "Food CombinatorTests/Info.plist";
				IPHONEOS_DEPLOYMENT_TARGET = 14.0;
				LD_RUNPATH_SEARCH_PATHS = (
					"$(inherited)",
					"@executable_path/Frameworks",
					"@loader_path/Frameworks",
				);
				PRODUCT_BUNDLE_IDENTIFIER = "kobe.Food-CombinatorTests";
				PRODUCT_NAME = "$(TARGET_NAME)";
				SWIFT_VERSION = 5.0;
				TARGETED_DEVICE_FAMILY = "1,2";
				TEST_HOST = "$(BUILT_PRODUCTS_DIR)/Food Combinator.app/Food Combinator";
			};
			name = Release;
		};
		8DE51F942605211500E124D2 /* Debug */ = {
			isa = XCBuildConfiguration;
			buildSettings = {
				ALWAYS_EMBED_SWIFT_STANDARD_LIBRARIES = YES;
				CODE_SIGN_STYLE = Automatic;
				DEVELOPMENT_TEAM = YDUWNR2G3H;
				INFOPLIST_FILE = "Food CombinatorUITests/Info.plist";
				LD_RUNPATH_SEARCH_PATHS = (
					"$(inherited)",
					"@executable_path/Frameworks",
					"@loader_path/Frameworks",
				);
				PRODUCT_BUNDLE_IDENTIFIER = "kobe.Food-CombinatorUITests";
				PRODUCT_NAME = "$(TARGET_NAME)";
				SWIFT_VERSION = 5.0;
				TARGETED_DEVICE_FAMILY = "1,2";
				TEST_TARGET_NAME = "Food Combinator";
			};
			name = Debug;
		};
		8DE51F952605211500E124D2 /* Release */ = {
			isa = XCBuildConfiguration;
			buildSettings = {
				ALWAYS_EMBED_SWIFT_STANDARD_LIBRARIES = YES;
				CODE_SIGN_STYLE = Automatic;
				DEVELOPMENT_TEAM = YDUWNR2G3H;
				INFOPLIST_FILE = "Food CombinatorUITests/Info.plist";
				LD_RUNPATH_SEARCH_PATHS = (
					"$(inherited)",
					"@executable_path/Frameworks",
					"@loader_path/Frameworks",
				);
				PRODUCT_BUNDLE_IDENTIFIER = "kobe.Food-CombinatorUITests";
				PRODUCT_NAME = "$(TARGET_NAME)";
				SWIFT_VERSION = 5.0;
				TARGETED_DEVICE_FAMILY = "1,2";
				TEST_TARGET_NAME = "Food Combinator";
			};
			name = Release;
		};
/* End XCBuildConfiguration section */

/* Begin XCConfigurationList section */
		8DE51F632605211400E124D2 /* Build configuration list for PBXProject "Food Combinator" */ = {
			isa = XCConfigurationList;
			buildConfigurations = (
				8DE51F8B2605211500E124D2 /* Debug */,
				8DE51F8C2605211500E124D2 /* Release */,
			);
			defaultConfigurationIsVisible = 0;
			defaultConfigurationName = Release;
		};
		8DE51F8D2605211500E124D2 /* Build configuration list for PBXNativeTarget "Food Combinator" */ = {
			isa = XCConfigurationList;
			buildConfigurations = (
				8DE51F8E2605211500E124D2 /* Debug */,
				8DE51F8F2605211500E124D2 /* Release */,
			);
			defaultConfigurationIsVisible = 0;
			defaultConfigurationName = Release;
		};
		8DE51F902605211500E124D2 /* Build configuration list for PBXNativeTarget "Food CombinatorTests" */ = {
			isa = XCConfigurationList;
			buildConfigurations = (
				8DE51F912605211500E124D2 /* Debug */,
				8DE51F922605211500E124D2 /* Release */,
			);
			defaultConfigurationIsVisible = 0;
			defaultConfigurationName = Release;
		};
		8DE51F932605211500E124D2 /* Build configuration list for PBXNativeTarget "Food CombinatorUITests" */ = {
			isa = XCConfigurationList;
			buildConfigurations = (
				8DE51F942605211500E124D2 /* Debug */,
				8DE51F952605211500E124D2 /* Release */,
			);
			defaultConfigurationIsVisible = 0;
			defaultConfigurationName = Release;
		};
/* End XCConfigurationList section */

/* Begin XCRemoteSwiftPackageReference section */
		8D3BE94F2608473500E8F51D /* XCRemoteSwiftPackageReference "Alamofire" */ = {
			isa = XCRemoteSwiftPackageReference;
			repositoryURL = "https://github.com/Alamofire/Alamofire.git";
			requirement = {
				kind = upToNextMajorVersion;
				minimumVersion = 5.4.1;
			};
		};
/* End XCRemoteSwiftPackageReference section */

/* Begin XCSwiftPackageProductDependency section */
		8D3BE9502608473500E8F51D /* Alamofire */ = {
			isa = XCSwiftPackageProductDependency;
			package = 8D3BE94F2608473500E8F51D /* XCRemoteSwiftPackageReference "Alamofire" */;
			productName = Alamofire;
		};
/* End XCSwiftPackageProductDependency section */
	};
	rootObject = 8DE51F602605211400E124D2 /* Project object */;
}
